
Microsoft Visual Studio Solution File, Format Version 12.00
# Visual Studio Express 14 for Windows Desktop
VisualStudioVersion = 14.0.25420.1
MinimumVisualStudioVersion = 10.0.40219.1
Project("{FAE04EC0-301F-11D3-BF4B-00C04F79EFBC}") = "Onvif Interface", "Onvif Interface\Onvif Interface.csproj", "{DFFE36B5-613B-4157-9941-AC8DCC82E833}"
EndProject
Global
	GlobalSection(SolutionConfigurationPlatforms) = preSolution
		Debug|Any CPU = Debug|Any CPU
		Release|Any CPU = Release|Any CPU
	EndGlobalSection
	GlobalSection(ProjectConfigurationPlatforms) = postSolution
		{DFFE36B5-613B-4157-9941-AC8DCC82E833}.Debug|Any CPU.ActiveCfg = Debug|Any CPU
		{DFFE36B5-613B-4157-9941-AC8DCC82E833}.Debug|Any CPU.Build.0 = Debug|Any CPU
		{DFFE36B5-613B-4157-9941-AC8DCC82E833}.Release|Any CPU.ActiveCfg = Release|Any CPU
		{DFFE36B5-613B-4157-9941-AC8DCC82E833}.Release|Any CPU.Build.0 = Release|Any CPU
	EndGlobalSection
	GlobalSection(SolutionProperties) = preSolution
		HideSolutionNode = FALSE
	EndGlobalSection
EndGlobal
